Microsoft Visual Studio Solution File, Format Version 11.00
# Visual Studio 2008

Project("{2E085E01-4B69-2D4B-AA35-E321F73F4522}") = "Tower Of Power", "Assembly-CSharp-firstpass.csproj", "{D6B21A8A-B69B-4125-252A-0D44EB2AB5E4}"
EndProject
Project("{2E085E01-4B69-2D4B-AA35-E321F73F4522}") = "Tower Of Power", "Assembly-CSharp.csproj", "{AEA95A29-3F00-9E53-A11A-DAB8438CD5CC}"
EndProject
Project("{2E085E01-4B69-2D4B-AA35-E321F73F4522}") = "Tower Of Power", "Assembly-UnityScript-firstpass.unityproj", "{BE3B34D0-D3B3-C9B5-E3A3-D1DD8099F4BC}"
EndProject
Global
	GlobalSection(SolutionConfigurationPlatforms) = preSolution
		Debug|Any CPU = Debug|Any CPU
		Release|Any CPU = Release|Any CPU
	EndGlobalSection
	GlobalSection(ProjectConfigurationPlatforms) = postSolution
		{D6B21A8A-B69B-4125-252A-0D44EB2AB5E4}.Debug|Any CPU.ActiveCfg = Debug|Any CPU
		{D6B21A8A-B69B-4125-252A-0D44EB2AB5E4}.Debug|Any CPU.Build.0 = Debug|Any CPU
		{D6B21A8A-B69B-4125-252A-0D44EB2AB5E4}.Release|Any CPU.ActiveCfg = Release|Any CPU
		{D6B21A8A-B69B-4125-252A-0D44EB2AB5E4}.Release|Any CPU.Build.0 = Release|Any CPU
		{AEA95A29-3F00-9E53-A11A-DAB8438CD5CC}.Debug|Any CPU.ActiveCfg = Debug|Any CPU
		{AEA95A29-3F00-9E53-A11A-DAB8438CD5CC}.Debug|Any CPU.Build.0 = Debug|Any CPU
		{AEA95A29-3F00-9E53-A11A-DAB8438CD5CC}.Release|Any CPU.ActiveCfg = Release|Any CPU
		{AEA95A29-3F00-9E53-A11A-DAB8438CD5CC}.Release|Any CPU.Build.0 = Release|Any CPU
		{BE3B34D0-D3B3-C9B5-E3A3-D1DD8099F4BC}.Debug|Any CPU.ActiveCfg = Debug|Any CPU
		{BE3B34D0-D3B3-C9B5-E3A3-D1DD8099F4BC}.Debug|Any CPU.Build.0 = Debug|Any CPU
		{BE3B34D0-D3B3-C9B5-E3A3-D1DD8099F4BC}.Release|Any CPU.ActiveCfg = Release|Any CPU
		{BE3B34D0-D3B3-C9B5-E3A3-D1DD8099F4BC}.Release|Any CPU.Build.0 = Release|Any CPU
	EndGlobalSection
	GlobalSection(SolutionProperties) = preSolution
		HideSolutionNode = FALSE
	EndGlobalSection
						GlobalSection(MonoDevelopProperties) = preSolution
		StartupItem = Assembly-CSharp.csproj
		Policies = $0
		$0.TextStylePolicy = $1
		$1.inheritsSet = null
		$1.scope = text/x-csharp
		$0.CSharpFormattingPolicy = $2
		$2.inheritsSet = Mono
		$2.inheritsScope = text/x-csharp
		$2.scope = text/x-csharp
		$0.TextStylePolicy = $3
		$3.FileWidth = 120
		$3.TabWidth = 4
		$3.EolMarker = Unix
		$3.inheritsSet = Mono
		$3.inheritsScope = text/plain
		$3.scope = text/plain
	EndGlobalSection

EndGlobal
